
Microsoft Visual Studio Solution File, Format Version 12.00
# Visual Studio 15
VisualStudioVersion = 15.0.27428.2015
MinimumVisualStudioVersion = 10.0.40219.1
Project("{888888A0-9F3D-457C-B088-3A5042F75D52}") = "simple-cryptographic-program", "simple-cryptographic-program\simple-cryptographic-program.pyproj", "{FA60AAB9-AAE5-47C6-9FA2-C1C0AB9B0978}"
EndProject
Global
	GlobalSection(SolutionConfigurationPlatforms) = preSolution
		Debug|Any CPU = Debug|Any CPU
		Release|Any CPU = Release|Any CPU
	EndGlobalSection
	GlobalSection(ProjectConfigurationPlatforms) = postSolution
		{FA60AAB9-AAE5-47C6-9FA2-C1C0AB9B0978}.Debug|Any CPU.ActiveCfg = Debug|Any CPU
		{FA60AAB9-AAE5-47C6-9FA2-C1C0AB9B0978}.Release|Any CPU.ActiveCfg = Release|Any CPU
	EndGlobalSection
	GlobalSection(SolutionProperties) = preSolution
		HideSolutionNode = FALSE
	EndGlobalSection
	GlobalSection(ExtensibilityGlobals) = postSolution
		SolutionGuid = {FD046F4C-E55A-4218-B5BC-E5C0BBD24700}
	EndGlobalSection
EndGlobal
