
Microsoft Visual Studio Solution File, Format Version 12.00
# Visual Studio 15
VisualStudioVersion = 15.0.27428.2015
MinimumVisualStudioVersion = 10.0.40219.1
Project("{888888A0-9F3D-457C-B088-3A5042F75D52}") = "crypto-program", "crypto-program.pyproj", "{A6B973D7-393B-4D48-8C60-212D7361CA05}"
EndProject
Global
	GlobalSection(SolutionConfigurationPlatforms) = preSolution
		Debug|Any CPU = Debug|Any CPU
		Release|Any CPU = Release|Any CPU
	EndGlobalSection
	GlobalSection(ProjectConfigurationPlatforms) = postSolution
		{A6B973D7-393B-4D48-8C60-212D7361CA05}.Debug|Any CPU.ActiveCfg = Debug|Any CPU
		{A6B973D7-393B-4D48-8C60-212D7361CA05}.Release|Any CPU.ActiveCfg = Release|Any CPU
	EndGlobalSection
	GlobalSection(SolutionProperties) = preSolution
		HideSolutionNode = FALSE
	EndGlobalSection
	GlobalSection(ExtensibilityGlobals) = postSolution
		SolutionGuid = {0DD18DCD-482E-4EB3-91E0-5CA33C102767}
	EndGlobalSection
EndGlobal
